
Microsoft Visual Studio Solution File, Format Version 12.00
# Visual Studio Version 16
VisualStudioVersion = 16.0.29519.87
MinimumVisualStudioVersion = 10.0.40219.1
Project("{9A19103F-16F7-4668-BE54-9A1E7A4F7556}") = "Oefening1.UrlChecker.Console", "Oefening1.UrlChecker.Console\Oefening1.UrlChecker.Console.csproj", "{4F611DD4-B95B-4D27-BA3E-CA59DBF29E7B}"
EndProject
Project("{9A19103F-16F7-4668-BE54-9A1E7A4F7556}") = "Oefening3.Header.Web", "Oefening3.Header.Web\Oefening3.Header.Web.csproj", "{40FFA3DB-C279-403D-8506-F8806D5310E9}"
EndProject
Project("{9A19103F-16F7-4668-BE54-9A1E7A4F7556}") = "Oefening2.UrlChecker.Web", "Oefening2.UrlChecker.Web\Oefening2.UrlChecker.Web.csproj", "{90675579-6C0B-4F89-BBD7-5A177C2B86DC}"
EndProject
Project("{9A19103F-16F7-4668-BE54-9A1E7A4F7556}") = "Oefening4.TrackerCookie.Web", "Oefening4.TrackerCookie.Web\Oefening4.TrackerCookie.Web.csproj", "{1C7A8BDD-E253-448D-A9CC-D5BDFE9F4FEE}"
EndProject
Global
	GlobalSection(SolutionConfigurationPlatforms) = preSolution
		Debug|Any CPU = Debug|Any CPU
		Release|Any CPU = Release|Any CPU
	EndGlobalSection
	GlobalSection(ProjectConfigurationPlatforms) = postSolution
		{4F611DD4-B95B-4D27-BA3E-CA59DBF29E7B}.Debug|Any CPU.ActiveCfg = Debug|Any CPU
		{4F611DD4-B95B-4D27-BA3E-CA59DBF29E7B}.Debug|Any CPU.Build.0 = Debug|Any CPU
		{4F611DD4-B95B-4D27-BA3E-CA59DBF29E7B}.Release|Any CPU.ActiveCfg = Release|Any CPU
		{4F611DD4-B95B-4D27-BA3E-CA59DBF29E7B}.Release|Any CPU.Build.0 = Release|Any CPU
		{40FFA3DB-C279-403D-8506-F8806D5310E9}.Debug|Any CPU.ActiveCfg = Debug|Any CPU
		{40FFA3DB-C279-403D-8506-F8806D5310E9}.Debug|Any CPU.Build.0 = Debug|Any CPU
		{40FFA3DB-C279-403D-8506-F8806D5310E9}.Release|Any CPU.ActiveCfg = Release|Any CPU
		{40FFA3DB-C279-403D-8506-F8806D5310E9}.Release|Any CPU.Build.0 = Release|Any CPU
		{90675579-6C0B-4F89-BBD7-5A177C2B86DC}.Debug|Any CPU.ActiveCfg = Debug|Any CPU
		{90675579-6C0B-4F89-BBD7-5A177C2B86DC}.Debug|Any CPU.Build.0 = Debug|Any CPU
		{90675579-6C0B-4F89-BBD7-5A177C2B86DC}.Release|Any CPU.ActiveCfg = Release|Any CPU
		{90675579-6C0B-4F89-BBD7-5A177C2B86DC}.Release|Any CPU.Build.0 = Release|Any CPU
		{1C7A8BDD-E253-448D-A9CC-D5BDFE9F4FEE}.Debug|Any CPU.ActiveCfg = Debug|Any CPU
		{1C7A8BDD-E253-448D-A9CC-D5BDFE9F4FEE}.Debug|Any CPU.Build.0 = Debug|Any CPU
		{1C7A8BDD-E253-448D-A9CC-D5BDFE9F4FEE}.Release|Any CPU.ActiveCfg = Release|Any CPU
		{1C7A8BDD-E253-448D-A9CC-D5BDFE9F4FEE}.Release|Any CPU.Build.0 = Release|Any CPU
	EndGlobalSection
	GlobalSection(SolutionProperties) = preSolution
		HideSolutionNode = FALSE
	EndGlobalSection
	GlobalSection(ExtensibilityGlobals) = postSolution
		SolutionGuid = {45C55C74-8979-46DE-817F-6C6C237DFB42}
	EndGlobalSection
EndGlobal
